
Microsoft Visual Studio Solution File, Format Version 12.00
# Visual Studio 2013
VisualStudioVersion = 12.0.31101.0
MinimumVisualStudioVersion = 10.0.40219.1
Project("{FAE04EC0-301F-11D3-BF4B-00C04F79EFBC}") = "RdpHistory", "RdpHistory\RdpHistory.csproj", "{1A27ECA4-E67C-45FE-8E90-A2ED192CACAA}"
EndProject
Global
	GlobalSection(SolutionConfigurationPlatforms) = preSolution
		Debug|Any CPU = Debug|Any CPU
		Release|Any CPU = Release|Any CPU
	EndGlobalSection
	GlobalSection(ProjectConfigurationPlatforms) = postSolution
		{1A27ECA4-E67C-45FE-8E90-A2ED192CACAA}.Debug|Any CPU.ActiveCfg = Debug|Any CPU
		{1A27ECA4-E67C-45FE-8E90-A2ED192CACAA}.Debug|Any CPU.Build.0 = Debug|Any CPU
		{1A27ECA4-E67C-45FE-8E90-A2ED192CACAA}.Release|Any CPU.ActiveCfg = Release|Any CPU
		{1A27ECA4-E67C-45FE-8E90-A2ED192CACAA}.Release|Any CPU.Build.0 = Release|Any CPU
	EndGlobalSection
	GlobalSection(SolutionProperties) = preSolution
		HideSolutionNode = FALSE
	EndGlobalSection
EndGlobal
